
Microsoft Visual Studio Solution File, Format Version 12.00
# Visual Studio Version 17
VisualStudioVersion = 17.0.32112.339
MinimumVisualStudioVersion = 10.0.40219.1
Project("{FAE04EC0-301F-11D3-BF4B-00C04F79EFBC}") = "MeuSimulado", "MeuSimulado\MeuSimulado.csproj", "{2615E9F1-E54E-46D9-B843-038F786DFFCA}"
EndProject
Global
	GlobalSection(SolutionConfigurationPlatforms) = preSolution
		Debug|Any CPU = Debug|Any CPU
		Release|Any CPU = Release|Any CPU
	EndGlobalSection
	GlobalSection(ProjectConfigurationPlatforms) = postSolution
		{2615E9F1-E54E-46D9-B843-038F786DFFCA}.Debug|Any CPU.ActiveCfg = Debug|Any CPU
		{2615E9F1-E54E-46D9-B843-038F786DFFCA}.Debug|Any CPU.Build.0 = Debug|Any CPU
		{2615E9F1-E54E-46D9-B843-038F786DFFCA}.Release|Any CPU.ActiveCfg = Release|Any CPU
		{2615E9F1-E54E-46D9-B843-038F786DFFCA}.Release|Any CPU.Build.0 = Release|Any CPU
	EndGlobalSection
	GlobalSection(SolutionProperties) = preSolution
		HideSolutionNode = FALSE
	EndGlobalSection
	GlobalSection(ExtensibilityGlobals) = postSolution
		SolutionGuid = {ED72D629-BCE2-414C-B73E-FA4A3CDD7332}
	EndGlobalSection
EndGlobal
